hash: e5c15b4bb48b8f7f46f80bc5f8514d1e0cbc92844b7f80eccdde9d25003c04b0
updated: 2018-06-07T23:39:36.758883242-07:00
imports:
- name: github.com/beinan/fastid
  version: 0a5d905dc99f676e45cd0def0b035b0c951fa019
- name: github.com/dgrijalva/jwt-go
  version: 06ea1031745cb8b3dab3f6a236daf2b0aa468b7e
- name: github.com/graph-gophers/graphql-go
  version: ca8d434eaf2929b44fc220ffae034b744b1085ba
  subpackages:
  - errors
  - internal/common
  - internal/exec
  - internal/exec/packer
  - internal/exec/resolvable
  - internal/exec/selected
  - internal/query
  - internal/schema
  - internal/validation
  - introspection
  - log
  - relay
  - trace
- name: github.com/nicksrandall/dataloader
  version: dd4c637b5203dd48d93a61b105b2f2ec6fb7107a
- name: github.com/opentracing/opentracing-go
  version: 3999fca714c888484b78cb78d68cd49afc9eca7d
  subpackages:
  - ext
  - log
- name: go.uber.org/atomic
  version: 1ea20fb1cbb1cc08cbd0d913a96dead89aa18289
- name: go.uber.org/multierr
  version: 3c4937480c32f4c13a875a1829af76c98ca3d40a
- name: go.uber.org/zap
  version: eeedf312bc6c57391d84767a4cd413f02a917974
  subpackages:
  - buffer
  - internal/bufferpool
  - internal/color
  - internal/exit
  - zapcore
- name: golang.org/x/crypto
  version: 91a49db82a88618983a78a06c1cbd4e00ab749ab
  subpackages:
  - bcrypt
  - blowfish
- name: golang.org/x/net
  version: 22ae77b79946ea320088417e4d50825671d82d57
  subpackages:
  - context
- name: gopkg.in/mgo.v2
  version: 3f83fa5005286a7fe593b055f0d7771a7dce4655
  subpackages:
  - bson
  - internal/json
  - internal/sasl
  - internal/scram
- name: gopkg.in/nicksrandall/dataloader.v5
  version: 78139374585c29dcb97b8f33089ed11959e4be59
testImports: []
