hash: 3be86e95f02772a3ce2507f147cc5c968620c5876ee2e811d7f8f4dc0298920d
updated: 2018-02-21T23:23:01.5676381-08:00
imports:
- name: github.com/neelance/graphql-go
  version: b46637030579abd312c5eea21d36845b6e9e7ca4
  subpackages:
  - errors
  - internal/common
  - internal/exec
  - internal/exec/packer
  - internal/exec/resolvable
  - internal/exec/selected
  - internal/query
  - internal/schema
  - internal/validation
  - introspection
  - log
  - relay
  - trace
- name: github.com/opentracing/opentracing-go
  version: 3999fca714c888484b78cb78d68cd49afc9eca7d
  subpackages:
  - ext
  - log
- name: golang.org/x/crypto
  version: 432090b8f568c018896cd8a0fb0345872bbac6ce
  subpackages:
  - bcrypt
  - blowfish
- name: golang.org/x/net
  version: cbe0f9307d0156177f9dd5dc85da1a31abc5f2fb
  subpackages:
  - context
- name: gopkg.in/nicksrandall/dataloader.v5
  version: 78139374585c29dcb97b8f33089ed11959e4be59
testImports: []
